
Microsoft Visual Studio Solution File, Format Version 12.00
# Visual Studio Version 17
VisualStudioVersion = 17.4.33122.133
MinimumVisualStudioVersion = 10.0.40219.1
Project("{FAE04EC0-301F-11D3-BF4B-00C04F79EFBC}") = "Connect4", "Connect4.csproj", "{5700A5A1-F4F6-4449-A6BE-205E362C2286}"
EndProject
Global
	GlobalSection(SolutionConfigurationPlatforms) = preSolution
		Debug|Any CPU = Debug|Any CPU
		Release|Any CPU = Release|Any CPU
	EndGlobalSection
	GlobalSection(ProjectConfigurationPlatforms) = postSolution
		{5700A5A1-F4F6-4449-A6BE-205E362C2286}.Debug|Any CPU.ActiveCfg = Debug|Any CPU
		{5700A5A1-F4F6-4449-A6BE-205E362C2286}.Debug|Any CPU.Build.0 = Debug|Any CPU
		{5700A5A1-F4F6-4449-A6BE-205E362C2286}.Release|Any CPU.ActiveCfg = Release|Any CPU
		{5700A5A1-F4F6-4449-A6BE-205E362C2286}.Release|Any CPU.Build.0 = Release|Any CPU
	EndGlobalSection
	GlobalSection(SolutionProperties) = preSolution
		HideSolutionNode = FALSE
	EndGlobalSection
	GlobalSection(ExtensibilityGlobals) = postSolution
		SolutionGuid = {1424CD99-2587-41D2-9836-4FDA3CB267AB}
	EndGlobalSection
EndGlobal
